// !$*UTF8*$!
{
	archiveVersion = 1;
	classes = {
	};
	objectVersion = 46;
	objects = {

/* Begin PBXBuildFile section */
		315686481C7D91D70081A509 /* main.m in Sources */ = {isa = PBXBuildFile; fileRef = 315686471C7D91D70081A509 /* main.m */; };
		3156864B1C7D91D70081A509 /* AppDelegate.m in Sources */ = {isa = PBXBuildFile; fileRef = 3156864A1C7D91D70081A509 /* AppDelegate.m */; };
		3156864E1C7D91D70081A509 /* ViewController.m in Sources */ = {isa = PBXBuildFile; fileRef = 3156864D1C7D91D70081A509 /* ViewController.m */; };
		315686511C7D91D70081A509 /* Main.storyboard in Resources */ = {isa = PBXBuildFile; fileRef = 3156864F1C7D91D70081A509 /* Main.storyboard */; };
		315686531C7D91D70081A509 /* Assets.xcassets in Resources */ = {isa = PBXBuildFile; fileRef = 315686521C7D91D70081A509 /* Assets.xcassets */; };
		315686561C7D91D70081A509 /* LaunchScreen.storyboard in Resources */ = {isa = PBXBuildFile; fileRef = 315686541C7D91D70081A509 /* LaunchScreen.storyboard */; };
		3156865F1C7D93730081A509 /* SystemOne.m in Sources */ = {isa = PBXBuildFile; fileRef = 3156865E1C7D93730081A509 /* SystemOne.m */; };
		315686621C7D93830081A509 /* SystemTwo.m in Sources */ = {isa = PBXBuildFile; fileRef = 315686611C7D93830081A509 /* SystemTwo.m */; };
		315686651C7D93920081A509 /* SystemThree.m in Sources */ = {isa = PBXBuildFile; fileRef = 315686641C7D93920081A509 /* SystemThree.m */; };
		315686681C7D94410081A509 /* Facade.m in Sources */ = {isa = PBXBuildFile; fileRef = 315686671C7D94410081A509 /* Facade.m */; };
/* End PBXBuildFile section */

/* Begin PBXFileReference section */
		315686431C7D91D70081A509 /* Facade.app */ = {isa = PBXFileReference; explicitFileType = wrapper.application; includeInIndex = 0; path = Facade.app; sourceTree = BUILT_PRODUCTS_DIR; };
		315686471C7D91D70081A509 /* main.m */ = {isa = PBXFileReference; lastKnownFileType = sourcecode.c.objc; path = main.m; sourceTree = "<group>"; };
		315686491C7D91D70081A509 /* AppDelegate.h */ = {isa = PBXFileReference; lastKnownFileType = sourcecode.c.h; path = AppDelegate.h; sourceTree = "<group>"; };
		3156864A1C7D91D70081A509 /* AppDelegate.m */ = {isa = PBXFileReference; lastKnownFileType = sourcecode.c.objc; path = AppDelegate.m; sourceTree = "<group>"; };
		3156864C1C7D91D70081A509 /* ViewController.h */ = {isa = PBXFileReference; lastKnownFileType = sourcecode.c.h; path = ViewController.h; sourceTree = "<group>"; };
		3156864D1C7D91D70081A509 /* ViewController.m */ = {isa = PBXFileReference; lastKnownFileType = sourcecode.c.objc; path = ViewController.m; sourceTree = "<group>"; };
		315686501C7D91D70081A509 /* Base */ = {isa = PBXFileReference; lastKnownFileType = file.storyboard; name = Base; path = Base.lproj/Main.storyboard; sourceTree = "<group>"; };
		315686521C7D91D70081A509 /* Assets.xcassets */ = {isa = PBXFileReference; lastKnownFileType = folder.assetcatalog; path = Assets.xcassets; sourceTree = "<group>"; };
		315686551C7D91D70081A509 /* Base */ = {isa = PBXFileReference; lastKnownFileType = file.storyboard; name = Base; path = Base.lproj/LaunchScreen.storyboard; sourceTree = "<group>"; };
		315686571C7D91D70081A509 /* Info.plist */ = {isa = PBXFileReference; lastKnownFileType = text.plist.xml; path = Info.plist; sourceTree = "<group>"; };
		3156865D1C7D93730081A509 /* SystemOne.h */ = {isa = PBXFileReference; fileEncoding = 4; lastKnownFileType = sourcecode.c.h; path = SystemOne.h; sourceTree = "<group>"; };
		3156865E1C7D93730081A509 /* SystemOne.m */ = {isa = PBXFileReference; fileEncoding = 4; lastKnownFileType = sourcecode.c.objc; path = SystemOne.m; sourceTree = "<group>"; };
		315686601C7D93830081A509 /* SystemTwo.h */ = {isa = PBXFileReference; fileEncoding = 4; lastKnownFileType = sourcecode.c.h; path = SystemTwo.h; sourceTree = "<group>"; };
		315686611C7D93830081A509 /* SystemTwo.m */ = {isa = PBXFileReference; fileEncoding = 4; lastKnownFileType = sourcecode.c.objc; path = SystemTwo.m; sourceTree = "<group>"; };
		315686631C7D93920081A509 /* SystemThree.h */ = {isa = PBXFileReference; fileEncoding = 4; lastKnownFileType = sourcecode.c.h; path = SystemThree.h; sourceTree = "<group>"; };
		315686641C7D93920081A509 /* SystemThree.m */ = {isa = PBXFileReference; fileEncoding = 4; lastKnownFileType = sourcecode.c.objc; path = SystemThree.m; sourceTree = "<group>"; };
		315686661C7D94410081A509 /* Facade.h */ = {isa = PBXFileReference; fileEncoding = 4; lastKnownFileType = sourcecode.c.h; path = Facade.h; sourceTree = "<group>"; };
		315686671C7D94410081A509 /* Facade.m */ = {isa = PBXFileReference; fileEncoding = 4; lastKnownFileType = sourcecode.c.objc; path = Facade.m; sourceTree = "<group>"; };
/* End PBXFileReference section */

/* Begin PBXFrameworksBuildPhase section */
		315686401C7D91D70081A509 /* Frameworks */ = {
			isa = PBXFrameworksBuildPhase;
			buildActionMask = 2147483647;
			files = (
			);
			runOnlyForDeploymentPostprocessing = 0;
		};
/* End PBXFrameworksBuildPhase section */

/* Begin PBXGroup section */
		3156863A1C7D91D70081A509 = {
			isa = PBXGroup;
			children = (
				315686451C7D91D70081A509 /* Facade */,
				315686441C7D91D70081A509 /* Products */,
			);
			sourceTree = "<group>";
		};
		315686441C7D91D70081A509 /* Products */ = {
			isa = PBXGroup;
			children = (
				315686431C7D91D70081A509 /* Facade.app */,
			);
			name = Products;
			sourceTree = "<group>";
		};
		315686451C7D91D70081A509 /* Facade */ = {
			isa = PBXGroup;
			children = (
				315686661C7D94410081A509 /* Facade.h */,
				315686671C7D94410081A509 /* Facade.m */,
				3156864C1C7D91D70081A509 /* ViewController.h */,
				3156864D1C7D91D70081A509 /* ViewController.m */,
				3156865D1C7D93730081A509 /* SystemOne.h */,
				3156865E1C7D93730081A509 /* SystemOne.m */,
				315686601C7D93830081A509 /* SystemTwo.h */,
				315686611C7D93830081A509 /* SystemTwo.m */,
				315686631C7D93920081A509 /* SystemThree.h */,
				315686641C7D93920081A509 /* SystemThree.m */,
				315686461C7D91D70081A509 /* Supporting Files */,
			);
			path = Facade;
			sourceTree = "<group>";
		};
		315686461C7D91D70081A509 /* Supporting Files */ = {
			isa = PBXGroup;
			children = (
				315686491C7D91D70081A509 /* AppDelegate.h */,
				3156864A1C7D91D70081A509 /* AppDelegate.m */,
				3156864F1C7D91D70081A509 /* Main.storyboard */,
				315686521C7D91D70081A509 /* Assets.xcassets */,
				315686541C7D91D70081A509 /* LaunchScreen.storyboard */,
				315686571C7D91D70081A509 /* Info.plist */,
				315686471C7D91D70081A509 /* main.m */,
			);
			name = "Supporting Files";
			sourceTree = "<group>";
		};
/* End PBXGroup section */

/* Begin PBXNativeTarget section */
		315686421C7D91D70081A509 /* Facade */ = {
			isa = PBXNativeTarget;
			buildConfigurationList = 3156865A1C7D91D70081A509 /* Build configuration list for PBXNativeTarget "Facade" */;
			buildPhases = (
				3156863F1C7D91D70081A509 /* Sources */,
				315686401C7D91D70081A509 /* Frameworks */,
				315686411C7D91D70081A509 /* Resources */,
			);
			buildRules = (
			);
			dependencies = (
			);
			name = Facade;
			productName = Facade;
			productReference = 315686431C7D91D70081A509 /* Facade.app */;
			productType = "com.apple.product-type.application";
		};
/* End PBXNativeTarget section */

/* Begin PBXProject section */
		3156863B1C7D91D70081A509 /* Project object */ = {
			isa = PBXProject;
			attributes = {
				LastUpgradeCheck = 0720;
				ORGANIZATIONNAME = HKY;
				TargetAttributes = {
					315686421C7D91D70081A509 = {
						CreatedOnToolsVersion = 7.2.1;
					};
				};
			};
			buildConfigurationList = 3156863E1C7D91D70081A509 /* Build configuration list for PBXProject "Facade" */;
			compatibilityVersion = "Xcode 3.2";
			developmentRegion = English;
			hasScannedForEncodings = 0;
			knownRegions = (
				en,
				Base,
			);
			mainGroup = 3156863A1C7D91D70081A509;
			productRefGroup = 315686441C7D91D70081A509 /* Products */;
			projectDirPath = "";
			projectRoot = "";
			targets = (
				315686421C7D91D70081A509 /* Facade */,
			);
		};
/* End PBXProject section */

/* Begin PBXResourcesBuildPhase section */
		315686411C7D91D70081A509 /* Resources */ = {
			isa = PBXResourcesBuildPhase;
			buildActionMask = 2147483647;
			files = (
				315686561C7D91D70081A509 /* LaunchScreen.storyboard in Resources */,
				315686531C7D91D70081A509 /* Assets.xcassets in Resources */,
				315686511C7D91D70081A509 /* Main.storyboard in Resources */,
			);
			runOnlyForDeploymentPostprocessing = 0;
		};
/* End PBXResourcesBuildPhase section */

/* Begin PBXSourcesBuildPhase section */
		3156863F1C7D91D70081A509 /* Sources */ = {
			isa = PBXSourcesBuildPhase;
			buildActionMask = 2147483647;
			files = (
				3156864E1C7D91D70081A509 /* ViewController.m in Sources */,
				315686651C7D93920081A509 /* SystemThree.m in Sources */,
				3156865F1C7D93730081A509 /* SystemOne.m in Sources */,
				315686621C7D93830081A509 /* SystemTwo.m in Sources */,
				3156864B1C7D91D70081A509 /* AppDelegate.m in Sources */,
				315686481C7D91D70081A509 /* main.m in Sources */,
				315686681C7D94410081A509 /* Facade.m in Sources */,
			);
			runOnlyForDeploymentPostprocessing = 0;
		};
/* End PBXSourcesBuildPhase section */

/* Begin PBXVariantGroup section */
		3156864F1C7D91D70081A509 /* Main.storyboard */ = {
			isa = PBXVariantGroup;
			children = (
				315686501C7D91D70081A509 /* Base */,
			);
			name = Main.storyboard;
			sourceTree = "<group>";
		};
		315686541C7D91D70081A509 /* LaunchScreen.storyboard */ = {
			isa = PBXVariantGroup;
			children = (
				315686551C7D91D70081A509 /* Base */,
			);
			name = LaunchScreen.storyboard;
			sourceTree = "<group>";
		};
/* End PBXVariantGroup section */

/* Begin XCBuildConfiguration section */
		315686581C7D91D70081A509 /* Debug */ = {
			isa = XCBuildConfiguration;
			buildSettings = {
				ALWAYS_SEARCH_USER_PATHS = NO;
				CLANG_CXX_LANGUAGE_STANDARD = "gnu++0x";
				CLANG_CXX_LIBRARY = "libc++";
				CLANG_ENABLE_MODULES = YES;
				CLANG_ENABLE_OBJC_ARC = YES;
				CLANG_WARN_BOOL_CONVERSION = YES;
				CLANG_WARN_CONSTANT_CONVERSION = YES;
				CLANG_WARN_DIRECT_OBJC_ISA_USAGE = YES_ERROR;
				CLANG_WARN_EMPTY_BODY = YES;
				CLANG_WARN_ENUM_CONVERSION = YES;
				CLANG_WARN_INT_CONVERSION = YES;
				CLANG_WARN_OBJC_ROOT_CLASS = YES_ERROR;
				CLANG_WARN_UNREACHABLE_CODE = YES;
				CLANG_WARN__DUPLICATE_METHOD_MATCH = YES;
				"CODE_SIGN_IDENTITY[sdk=iphoneos*]" = "iPhone Developer";
				COPY_PHASE_STRIP = NO;
				DEBUG_INFORMATION_FORMAT = dwarf;
				ENABLE_STRICT_OBJC_MSGSEND = YES;
				ENABLE_TESTABILITY = YES;
				GCC_C_LANGUAGE_STANDARD = gnu99;
				GCC_DYNAMIC_NO_PIC = NO;
				GCC_NO_COMMON_BLOCKS = YES;
				GCC_OPTIMIZATION_LEVEL = 0;
				GCC_PREPROCESSOR_DEFINITIONS = (
					"DEBUG=1",
					"$(inherited)",
				);
				GCC_WARN_64_TO_32_BIT_CONVERSION = YES;
				GCC_WARN_ABOUT_RETURN_TYPE = YES_ERROR;
				GCC_WARN_UNDECLARED_SELECTOR = YES;
				GCC_WARN_UNINITIALIZED_AUTOS = YES_AGGRESSIVE;
				GCC_WARN_UNUSED_FUNCTION = YES;
				GCC_WARN_UNUSED_VARIABLE = YES;
				IPHONEOS_DEPLOYMENT_TARGET = 9.2;
				MTL_ENABLE_DEBUG_INFO = YES;
				ONLY_ACTIVE_ARCH = YES;
				SDKROOT = iphoneos;
			};
			name = Debug;
		};
		315686591C7D91D70081A509 /* Release */ = {
			isa = XCBuildConfiguration;
			buildSettings = {
				ALWAYS_SEARCH_USER_PATHS = NO;
				CLANG_CXX_LANGUAGE_STANDARD = "gnu++0x";
				CLANG_CXX_LIBRARY = "libc++";
				CLANG_ENABLE_MODULES = YES;
				CLANG_ENABLE_OBJC_ARC = YES;
				CLANG_WARN_BOOL_CONVERSION = YES;
				CLANG_WARN_CONSTANT_CONVERSION = YES;
				CLANG_WARN_DIRECT_OBJC_ISA_USAGE = YES_ERROR;
				CLANG_WARN_EMPTY_BODY = YES;
				CLANG_WARN_ENUM_CONVERSION = YES;
				CLANG_WARN_INT_CONVERSION = YES;
				CLANG_WARN_OBJC_ROOT_CLASS = YES_ERROR;
				CLANG_WARN_UNREACHABLE_CODE = YES;
				CLANG_WARN__DUPLICATE_METHOD_MATCH = YES;
				"CODE_SIGN_IDENTITY[sdk=iphoneos*]" = "iPhone Developer";
				COPY_PHASE_STRIP = NO;
				DEBUG_INFORMATION_FORMAT = "dwarf-with-dsym";
				ENABLE_NS_ASSERTIONS = NO;
				ENABLE_STRICT_OBJC_MSGSEND = YES;
				GCC_C_LANGUAGE_STANDARD = gnu99;
				GCC_NO_COMMON_BLOCKS = YES;
				GCC_WARN_64_TO_32_BIT_CONVERSION = YES;
				GCC_WARN_ABOUT_RETURN_TYPE = YES_ERROR;
				GCC_WARN_UNDECLARED_SELECTOR = YES;
				GCC_WARN_UNINITIALIZED_AUTOS = YES_AGGRESSIVE;
				GCC_WARN_UNUSED_FUNCTION = YES;
				GCC_WARN_UNUSED_VARIABLE = YES;
				IPHONEOS_DEPLOYMENT_TARGET = 9.2;
				MTL_ENABLE_DEBUG_INFO = NO;
				SDKROOT = iphoneos;
				VALIDATE_PRODUCT = YES;
			};
			name = Release;
		};
		3156865B1C7D91D70081A509 /* Debug */ = {
			isa = XCBuildConfiguration;
			buildSettings = {
				ASSETCATALOG_COMPILER_APPICON_NAME = AppIcon;
				INFOPLIST_FILE = Facade/Info.plist;
				LD_RUNPATH_SEARCH_PATHS = "$(inherited) @executable_path/Frameworks";
				PRODUCT_BUNDLE_IDENTIFIER = com.experiment.Facade;
				PRODUCT_NAME = "$(TARGET_NAME)";
			};
			name = Debug;
		};
		3156865C1C7D91D70081A509 /* Release */ = {
			isa = XCBuildConfiguration;
			buildSettings = {
				ASSETCATALOG_COMPILER_APPICON_NAME = AppIcon;
				INFOPLIST_FILE = Facade/Info.plist;
				LD_RUNPATH_SEARCH_PATHS = "$(inherited) @executable_path/Frameworks";
				PRODUCT_BUNDLE_IDENTIFIER = com.experiment.Facade;
				PRODUCT_NAME = "$(TARGET_NAME)";
			};
			name = Release;
		};
/* End XCBuildConfiguration section */

/* Begin XCConfigurationList section */
		3156863E1C7D91D70081A509 /* Build configuration list for PBXProject "Facade" */ = {
			isa = XCConfigurationList;
			buildConfigurations = (
				315686581C7D91D70081A509 /* Debug */,
				315686591C7D91D70081A509 /* Release */,
			);
			defaultConfigurationIsVisible = 0;
			defaultConfigurationName = Release;
		};
		3156865A1C7D91D70081A509 /* Build configuration list for PBXNativeTarget "Facade" */ = {
			isa = XCConfigurationList;
			buildConfigurations = (
				3156865B1C7D91D70081A509 /* Debug */,
				3156865C1C7D91D70081A509 /* Release */,
			);
			defaultConfigurationIsVisible = 0;
		};
/* End XCConfigurationList section */
	};
	rootObject = 3156863B1C7D91D70081A509 /* Project object */;
}
